
Microsoft Visual Studio Solution File, Format Version 12.00
# Visual Studio Version 16
VisualStudioVersion = 16.0.30804.86
MinimumVisualStudioVersion = 10.0.40219.1
Project("{FAE04EC0-301F-11D3-BF4B-00C04F79EFBC}") = "NM_Velo_LACS", "NM_Velo_LACS\NM_Velo_LACS.csproj", "{D6E25F4C-608E-46A3-A474-04A3F571670A}"
EndProject
Global
	GlobalSection(SolutionConfigurationPlatforms) = preSolution
		Debug|Any CPU = Debug|Any CPU
		Release|Any CPU = Release|Any CPU
	EndGlobalSection
	GlobalSection(ProjectConfigurationPlatforms) = postSolution
		{D6E25F4C-608E-46A3-A474-04A3F571670A}.Debug|Any CPU.ActiveCfg = Debug|Any CPU
		{D6E25F4C-608E-46A3-A474-04A3F571670A}.Debug|Any CPU.Build.0 = Debug|Any CPU
		{D6E25F4C-608E-46A3-A474-04A3F571670A}.Release|Any CPU.ActiveCfg = Release|Any CPU
		{D6E25F4C-608E-46A3-A474-04A3F571670A}.Release|Any CPU.Build.0 = Release|Any CPU
	EndGlobalSection
	GlobalSection(SolutionProperties) = preSolution
		HideSolutionNode = FALSE
	EndGlobalSection
	GlobalSection(ExtensibilityGlobals) = postSolution
		SolutionGuid = {EADDDA35-36AC-41A3-B35C-6A0D4E56BE58}
	EndGlobalSection
EndGlobal
